
Microsoft Visual Studio Solution File, Format Version 12.00
# Visual Studio Version 16
VisualStudioVersion = 16.0.29613.14
MinimumVisualStudioVersion = 10.0.40219.1
Project("{FAE04EC0-301F-11D3-BF4B-00C04F79EFBC}") = "RedditUWP", "RedditUWP\RedditUWP.csproj", "{0064F578-2E3C-4780-85CC-42A9461BE478}"
EndProject
Project("{2150E333-8FDC-42A3-9474-1A3956D46DE8}") = "Presentation", "Presentation", "{2AE0FA8F-C72B-4CDA-B99F-0F072CF5FC75}"
EndProject
Project("{2150E333-8FDC-42A3-9474-1A3956D46DE8}") = "Data", "Data", "{CF9D952D-F0C0-47BE-9BC3-8288A4B25545}"
EndProject
Project("{2150E333-8FDC-42A3-9474-1A3956D46DE8}") = "Business", "Business", "{617191AA-C754-4928-82AD-B6EAB48170DF}"
EndProject
Project("{2150E333-8FDC-42A3-9474-1A3956D46DE8}") = "Shared", "Shared", "{30AC831C-FC19-45AA-8543-14414F831A54}"
EndProject
Project("{FAE04EC0-301F-11D3-BF4B-00C04F79EFBC}") = "RedditUWP.API", "RedditUWP.API\RedditUWP.API.csproj", "{CD41414B-7779-488D-9858-E3BB975E9742}"
EndProject
Project("{FAE04EC0-301F-11D3-BF4B-00C04F79EFBC}") = "RedditUWP.DataAccess", "RedditUWP.DataAccess\RedditUWP.DataAccess.csproj", "{2E4B93DD-BC19-46D0-8CBA-96EC082D0E5D}"
EndProject
Project("{FAE04EC0-301F-11D3-BF4B-00C04F79EFBC}") = "RedditUWP.BusinessComponents", "RedditUWP.BusinessComponents\RedditUWP.BusinessComponents.csproj", "{76F26C4D-8260-4B19-A3C2-1AE97448D6CE}"
EndProject
Project("{FAE04EC0-301F-11D3-BF4B-00C04F79EFBC}") = "RedditUWP.Entities", "RedditUWP.Entities\RedditUWP.Entities.csproj", "{A3A0C52F-E75F-4C52-9DFD-DB610FD0CDB6}"
EndProject
Global
	GlobalSection(SolutionConfigurationPlatforms) = preSolution
		Debug|Any CPU = Debug|Any CPU
		Debug|ARM = Debug|ARM
		Debug|ARM64 = Debug|ARM64
		Debug|x64 = Debug|x64
		Debug|x86 = Debug|x86
		Release|Any CPU = Release|Any CPU
		Release|ARM = Release|ARM
		Release|ARM64 = Release|ARM64
		Release|x64 = Release|x64
		Release|x86 = Release|x86
	EndGlobalSection
	GlobalSection(ProjectConfigurationPlatforms) = postSolution
		{0064F578-2E3C-4780-85CC-42A9461BE478}.Debug|Any CPU.ActiveCfg = Debug|x86
		{0064F578-2E3C-4780-85CC-42A9461BE478}.Debug|ARM.ActiveCfg = Debug|ARM
		{0064F578-2E3C-4780-85CC-42A9461BE478}.Debug|ARM.Build.0 = Debug|ARM
		{0064F578-2E3C-4780-85CC-42A9461BE478}.Debug|ARM.Deploy.0 = Debug|ARM
		{0064F578-2E3C-4780-85CC-42A9461BE478}.Debug|ARM64.ActiveCfg = Debug|ARM64
		{0064F578-2E3C-4780-85CC-42A9461BE478}.Debug|ARM64.Build.0 = Debug|ARM64
		{0064F578-2E3C-4780-85CC-42A9461BE478}.Debug|ARM64.Deploy.0 = Debug|ARM64
		{0064F578-2E3C-4780-85CC-42A9461BE478}.Debug|x64.ActiveCfg = Debug|x64
		{0064F578-2E3C-4780-85CC-42A9461BE478}.Debug|x64.Build.0 = Debug|x64
		{0064F578-2E3C-4780-85CC-42A9461BE478}.Debug|x64.Deploy.0 = Debug|x64
		{0064F578-2E3C-4780-85CC-42A9461BE478}.Debug|x86.ActiveCfg = Debug|x86
		{0064F578-2E3C-4780-85CC-42A9461BE478}.Debug|x86.Build.0 = Debug|x86
		{0064F578-2E3C-4780-85CC-42A9461BE478}.Debug|x86.Deploy.0 = Debug|x86
		{0064F578-2E3C-4780-85CC-42A9461BE478}.Release|Any CPU.ActiveCfg = Release|x86
		{0064F578-2E3C-4780-85CC-42A9461BE478}.Release|ARM.ActiveCfg = Release|ARM
		{0064F578-2E3C-4780-85CC-42A9461BE478}.Release|ARM.Build.0 = Release|ARM
		{0064F578-2E3C-4780-85CC-42A9461BE478}.Release|ARM.Deploy.0 = Release|ARM
		{0064F578-2E3C-4780-85CC-42A9461BE478}.Release|ARM64.ActiveCfg = Release|ARM64
		{0064F578-2E3C-4780-85CC-42A9461BE478}.Release|ARM64.Build.0 = Release|ARM64
		{0064F578-2E3C-4780-85CC-42A9461BE478}.Release|ARM64.Deploy.0 = Release|ARM64
		{0064F578-2E3C-4780-85CC-42A9461BE478}.Release|x64.ActiveCfg = Release|x64
		{0064F578-2E3C-4780-85CC-42A9461BE478}.Release|x64.Build.0 = Release|x64
		{0064F578-2E3C-4780-85CC-42A9461BE478}.Release|x64.Deploy.0 = Release|x64
		{0064F578-2E3C-4780-85CC-42A9461BE478}.Release|x86.ActiveCfg = Release|x86
		{0064F578-2E3C-4780-85CC-42A9461BE478}.Release|x86.Build.0 = Release|x86
		{0064F578-2E3C-4780-85CC-42A9461BE478}.Release|x86.Deploy.0 = Release|x86
		{CD41414B-7779-488D-9858-E3BB975E9742}.Debug|Any CPU.ActiveCfg = Debug|Any CPU
		{CD41414B-7779-488D-9858-E3BB975E9742}.Debug|Any CPU.Build.0 = Debug|Any CPU
		{CD41414B-7779-488D-9858-E3BB975E9742}.Debug|ARM.ActiveCfg = Debug|ARM
		{CD41414B-7779-488D-9858-E3BB975E9742}.Debug|ARM.Build.0 = Debug|ARM
		{CD41414B-7779-488D-9858-E3BB975E9742}.Debug|ARM64.ActiveCfg = Debug|ARM64
		{CD41414B-7779-488D-9858-E3BB975E9742}.Debug|ARM64.Build.0 = Debug|ARM64
		{CD41414B-7779-488D-9858-E3BB975E9742}.Debug|x64.ActiveCfg = Debug|x64
		{CD41414B-7779-488D-9858-E3BB975E9742}.Debug|x64.Build.0 = Debug|x64
		{CD41414B-7779-488D-9858-E3BB975E9742}.Debug|x86.ActiveCfg = Debug|x86
		{CD41414B-7779-488D-9858-E3BB975E9742}.Debug|x86.Build.0 = Debug|x86
		{CD41414B-7779-488D-9858-E3BB975E9742}.Release|Any CPU.ActiveCfg = Release|Any CPU
		{CD41414B-7779-488D-9858-E3BB975E9742}.Release|Any CPU.Build.0 = Release|Any CPU
		{CD41414B-7779-488D-9858-E3BB975E9742}.Release|ARM.ActiveCfg = Release|ARM
		{CD41414B-7779-488D-9858-E3BB975E9742}.Release|ARM.Build.0 = Release|ARM
		{CD41414B-7779-488D-9858-E3BB975E9742}.Release|ARM64.ActiveCfg = Release|ARM64
		{CD41414B-7779-488D-9858-E3BB975E9742}.Release|ARM64.Build.0 = Release|ARM64
		{CD41414B-7779-488D-9858-E3BB975E9742}.Release|x64.ActiveCfg = Release|x64
		{CD41414B-7779-488D-9858-E3BB975E9742}.Release|x64.Build.0 = Release|x64
		{CD41414B-7779-488D-9858-E3BB975E9742}.Release|x86.ActiveCfg = Release|x86
		{CD41414B-7779-488D-9858-E3BB975E9742}.Release|x86.Build.0 = Release|x86
		{2E4B93DD-BC19-46D0-8CBA-96EC082D0E5D}.Debug|Any CPU.ActiveCfg = Debug|Any CPU
		{2E4B93DD-BC19-46D0-8CBA-96EC082D0E5D}.Debug|Any CPU.Build.0 = Debug|Any CPU
		{2E4B93DD-BC19-46D0-8CBA-96EC082D0E5D}.Debug|ARM.ActiveCfg = Debug|ARM
		{2E4B93DD-BC19-46D0-8CBA-96EC082D0E5D}.Debug|ARM.Build.0 = Debug|ARM
		{2E4B93DD-BC19-46D0-8CBA-96EC082D0E5D}.Debug|ARM64.ActiveCfg = Debug|ARM64
		{2E4B93DD-BC19-46D0-8CBA-96EC082D0E5D}.Debug|ARM64.Build.0 = Debug|ARM64
		{2E4B93DD-BC19-46D0-8CBA-96EC082D0E5D}.Debug|x64.ActiveCfg = Debug|x64
		{2E4B93DD-BC19-46D0-8CBA-96EC082D0E5D}.Debug|x64.Build.0 = Debug|x64
		{2E4B93DD-BC19-46D0-8CBA-96EC082D0E5D}.Debug|x86.ActiveCfg = Debug|x86
		{2E4B93DD-BC19-46D0-8CBA-96EC082D0E5D}.Debug|x86.Build.0 = Debug|x86
		{2E4B93DD-BC19-46D0-8CBA-96EC082D0E5D}.Release|Any CPU.ActiveCfg = Release|Any CPU
		{2E4B93DD-BC19-46D0-8CBA-96EC082D0E5D}.Release|Any CPU.Build.0 = Release|Any CPU
		{2E4B93DD-BC19-46D0-8CBA-96EC082D0E5D}.Release|ARM.ActiveCfg = Release|ARM
		{2E4B93DD-BC19-46D0-8CBA-96EC082D0E5D}.Release|ARM.Build.0 = Release|ARM
		{2E4B93DD-BC19-46D0-8CBA-96EC082D0E5D}.Release|ARM64.ActiveCfg = Release|ARM64
		{2E4B93DD-BC19-46D0-8CBA-96EC082D0E5D}.Release|ARM64.Build.0 = Release|ARM64
		{2E4B93DD-BC19-46D0-8CBA-96EC082D0E5D}.Release|x64.ActiveCfg = Release|x64
		{2E4B93DD-BC19-46D0-8CBA-96EC082D0E5D}.Release|x64.Build.0 = Release|x64
		{2E4B93DD-BC19-46D0-8CBA-96EC082D0E5D}.Release|x86.ActiveCfg = Release|x86
		{2E4B93DD-BC19-46D0-8CBA-96EC082D0E5D}.Release|x86.Build.0 = Release|x86
		{76F26C4D-8260-4B19-A3C2-1AE97448D6CE}.Debug|Any CPU.ActiveCfg = Debug|Any CPU
		{76F26C4D-8260-4B19-A3C2-1AE97448D6CE}.Debug|Any CPU.Build.0 = Debug|Any CPU
		{76F26C4D-8260-4B19-A3C2-1AE97448D6CE}.Debug|ARM.ActiveCfg = Debug|ARM
		{76F26C4D-8260-4B19-A3C2-1AE97448D6CE}.Debug|ARM.Build.0 = Debug|ARM
		{76F26C4D-8260-4B19-A3C2-1AE97448D6CE}.Debug|ARM64.ActiveCfg = Debug|ARM64
		{76F26C4D-8260-4B19-A3C2-1AE97448D6CE}.Debug|ARM64.Build.0 = Debug|ARM64
		{76F26C4D-8260-4B19-A3C2-1AE97448D6CE}.Debug|x64.ActiveCfg = Debug|x64
		{76F26C4D-8260-4B19-A3C2-1AE97448D6CE}.Debug|x64.Build.0 = Debug|x64
		{76F26C4D-8260-4B19-A3C2-1AE97448D6CE}.Debug|x86.ActiveCfg = Debug|x86
		{76F26C4D-8260-4B19-A3C2-1AE97448D6CE}.Debug|x86.Build.0 = Debug|x86
		{76F26C4D-8260-4B19-A3C2-1AE97448D6CE}.Release|Any CPU.ActiveCfg = Release|Any CPU
		{76F26C4D-8260-4B19-A3C2-1AE97448D6CE}.Release|Any CPU.Build.0 = Release|Any CPU
		{76F26C4D-8260-4B19-A3C2-1AE97448D6CE}.Release|ARM.ActiveCfg = Release|ARM
		{76F26C4D-8260-4B19-A3C2-1AE97448D6CE}.Release|ARM.Build.0 = Release|ARM
		{76F26C4D-8260-4B19-A3C2-1AE97448D6CE}.Release|ARM64.ActiveCfg = Release|ARM64
		{76F26C4D-8260-4B19-A3C2-1AE97448D6CE}.Release|ARM64.Build.0 = Release|ARM64
		{76F26C4D-8260-4B19-A3C2-1AE97448D6CE}.Release|x64.ActiveCfg = Release|x64
		{76F26C4D-8260-4B19-A3C2-1AE97448D6CE}.Release|x64.Build.0 = Release|x64
		{76F26C4D-8260-4B19-A3C2-1AE97448D6CE}.Release|x86.ActiveCfg = Release|x86
		{76F26C4D-8260-4B19-A3C2-1AE97448D6CE}.Release|x86.Build.0 = Release|x86
		{A3A0C52F-E75F-4C52-9DFD-DB610FD0CDB6}.Debug|Any CPU.ActiveCfg = Debug|Any CPU
		{A3A0C52F-E75F-4C52-9DFD-DB610FD0CDB6}.Debug|Any CPU.Build.0 = Debug|Any CPU
		{A3A0C52F-E75F-4C52-9DFD-DB610FD0CDB6}.Debug|ARM.ActiveCfg = Debug|ARM
		{A3A0C52F-E75F-4C52-9DFD-DB610FD0CDB6}.Debug|ARM.Build.0 = Debug|ARM
		{A3A0C52F-E75F-4C52-9DFD-DB610FD0CDB6}.Debug|ARM64.ActiveCfg = Debug|ARM64
		{A3A0C52F-E75F-4C52-9DFD-DB610FD0CDB6}.Debug|ARM64.Build.0 = Debug|ARM64
		{A3A0C52F-E75F-4C52-9DFD-DB610FD0CDB6}.Debug|x64.ActiveCfg = Debug|x64
		{A3A0C52F-E75F-4C52-9DFD-DB610FD0CDB6}.Debug|x64.Build.0 = Debug|x64
		{A3A0C52F-E75F-4C52-9DFD-DB610FD0CDB6}.Debug|x86.ActiveCfg = Debug|x86
		{A3A0C52F-E75F-4C52-9DFD-DB610FD0CDB6}.Debug|x86.Build.0 = Debug|x86
		{A3A0C52F-E75F-4C52-9DFD-DB610FD0CDB6}.Release|Any CPU.ActiveCfg = Release|Any CPU
		{A3A0C52F-E75F-4C52-9DFD-DB610FD0CDB6}.Release|Any CPU.Build.0 = Release|Any CPU
		{A3A0C52F-E75F-4C52-9DFD-DB610FD0CDB6}.Release|ARM.ActiveCfg = Release|ARM
		{A3A0C52F-E75F-4C52-9DFD-DB610FD0CDB6}.Release|ARM.Build.0 = Release|ARM
		{A3A0C52F-E75F-4C52-9DFD-DB610FD0CDB6}.Release|ARM64.ActiveCfg = Release|ARM64
		{A3A0C52F-E75F-4C52-9DFD-DB610FD0CDB6}.Release|ARM64.Build.0 = Release|ARM64
		{A3A0C52F-E75F-4C52-9DFD-DB610FD0CDB6}.Release|x64.ActiveCfg = Release|x64
		{A3A0C52F-E75F-4C52-9DFD-DB610FD0CDB6}.Release|x64.Build.0 = Release|x64
		{A3A0C52F-E75F-4C52-9DFD-DB610FD0CDB6}.Release|x86.ActiveCfg = Release|x86
		{A3A0C52F-E75F-4C52-9DFD-DB610FD0CDB6}.Release|x86.Build.0 = Release|x86
	EndGlobalSection
	GlobalSection(SolutionProperties) = preSolution
		HideSolutionNode = FALSE
	EndGlobalSection
	GlobalSection(NestedProjects) = preSolution
		{0064F578-2E3C-4780-85CC-42A9461BE478} = {2AE0FA8F-C72B-4CDA-B99F-0F072CF5FC75}
		{CD41414B-7779-488D-9858-E3BB975E9742} = {CF9D952D-F0C0-47BE-9BC3-8288A4B25545}
		{2E4B93DD-BC19-46D0-8CBA-96EC082D0E5D} = {CF9D952D-F0C0-47BE-9BC3-8288A4B25545}
		{76F26C4D-8260-4B19-A3C2-1AE97448D6CE} = {617191AA-C754-4928-82AD-B6EAB48170DF}
		{A3A0C52F-E75F-4C52-9DFD-DB610FD0CDB6} = {30AC831C-FC19-45AA-8543-14414F831A54}
	EndGlobalSection
	GlobalSection(ExtensibilityGlobals) = postSolution
		SolutionGuid = {F80F79BA-D86E-450B-BDFF-449A8EBE3766}
	EndGlobalSection
EndGlobal
